// !$*UTF8*$!
{
	archiveVersion = 1;
	classes = {
	};
	objectVersion = 48;
	objects = {

/* Begin PBXBuildFile section */
		9643DA86218A0E3800535D00 /* Sha.m in Sources */ = {isa = PBXBuildFile; fileRef = 9643DA84218A0E3800535D00 /* Sha.m */; };
		9643DA87218A0E3800535D00 /* Shared.m in Sources */ = {isa = PBXBuildFile; fileRef = 9643DA85218A0E3800535D00 /* Shared.m */; };
		9643DA8A218A0E4400535D00 /* RCTSha.m in Sources */ = {isa = PBXBuildFile; fileRef = 9643DA89218A0E4400535D00 /* RCTSha.m */; };
		9643DA8D218A5C4800535D00 /* RCTHmac.m in Sources */ = {isa = PBXBuildFile; fileRef = 9643DA8C218A5C4800535D00 /* RCTHmac.m */; };
		9643DA90218A5C5200535D00 /* Hmac.m in Sources */ = {isa = PBXBuildFile; fileRef = 9643DA8F218A5C5200535D00 /* Hmac.m */; };
		9643DA93218A65A900535D00 /* Pbkdf2.m in Sources */ = {isa = PBXBuildFile; fileRef = 9643DA92218A65A900535D00 /* Pbkdf2.m */; };
		9643DA96218A65B500535D00 /* RCTPbkdf2.m in Sources */ = {isa = PBXBuildFile; fileRef = 9643DA94218A65B500535D00 /* RCTPbkdf2.m */; };
		9643DA99218B779400535D00 /* RCTRsa.m in Sources */ = {isa = PBXBuildFile; fileRef = 9643DA97218B779400535D00 /* RCTRsa.m */; };
		9643DA9E218B77A200535D00 /* RsaFormatter.m in Sources */ = {isa = PBXBuildFile; fileRef = 9643DA9C218B77A200535D00 /* RsaFormatter.m */; };
		9643DA9F218B77A200535D00 /* Rsa.m in Sources */ = {isa = PBXBuildFile; fileRef = 9643DA9D218B77A200535D00 /* Rsa.m */; };
		9668CE0421471DE0001D58C3 /* Aes.m in Sources */ = {isa = PBXBuildFile; fileRef = 9668CE0221471DDF001D58C3 /* Aes.m */; };
		9668CE0721471DEA001D58C3 /* RCTAes.m in Sources */ = {isa = PBXBuildFile; fileRef = 9668CE0621471DEA001D58C3 /* RCTAes.m */; };
/* End PBXBuildFile section */

/* Begin PBXCopyFilesBuildPhase section */
		32D980DB1BE9F11C00FA27E5 /* CopyFiles */ = {
			isa = PBXCopyFilesBuildPhase;
			buildActionMask = 2147483647;
			dstPath = "include/$(PRODUCT_NAME)";
			dstSubfolderSpec = 16;
			files = (
			);
			runOnlyForDeploymentPostprocessing = 0;
		};
/* End PBXCopyFilesBuildPhase section */

/* Begin PBXFileReference section */
		32D980DD1BE9F11C00FA27E5 /* libRCTCrypto.a */ = {isa = PBXFileReference; explicitFileType = archive.ar; includeInIndex = 0; path = libRCTCrypto.a; sourceTree = BUILT_PRODUCTS_DIR; };
		9643DA82218A0E3800535D00 /* Sha.h */ = {isa = PBXFileReference; fileEncoding = 4; lastKnownFileType = sourcecode.c.h; path = Sha.h; sourceTree = "<group>"; };
		9643DA83218A0E3800535D00 /* Shared.h */ = {isa = PBXFileReference; fileEncoding = 4; lastKnownFileType = sourcecode.c.h; path = Shared.h; sourceTree = "<group>"; };
		9643DA84218A0E3800535D00 /* Sha.m */ = {isa = PBXFileReference; fileEncoding = 4; lastKnownFileType = sourcecode.c.objc; path = Sha.m; sourceTree = "<group>"; };
		9643DA85218A0E3800535D00 /* Shared.m */ = {isa = PBXFileReference; fileEncoding = 4; lastKnownFileType = sourcecode.c.objc; path = Shared.m; sourceTree = "<group>"; };
		9643DA88218A0E4400535D00 /* RCTSha.h */ = {isa = PBXFileReference; fileEncoding = 4; lastKnownFileType = sourcecode.c.h; path = RCTSha.h; sourceTree = "<group>"; };
		9643DA89218A0E4400535D00 /* RCTSha.m */ = {isa = PBXFileReference; fileEncoding = 4; lastKnownFileType = sourcecode.c.objc; path = RCTSha.m; sourceTree = "<group>"; };
		9643DA8B218A5C4800535D00 /* RCTHmac.h */ = {isa = PBXFileReference; fileEncoding = 4; lastKnownFileType = sourcecode.c.h; path = RCTHmac.h; sourceTree = "<group>"; };
		9643DA8C218A5C4800535D00 /* RCTHmac.m */ = {isa = PBXFileReference; fileEncoding = 4; lastKnownFileType = sourcecode.c.objc; path = RCTHmac.m; sourceTree = "<group>"; };
		9643DA8E218A5C5200535D00 /* Hmac.h */ = {isa = PBXFileReference; fileEncoding = 4; lastKnownFileType = sourcecode.c.h; path = Hmac.h; sourceTree = "<group>"; };
		9643DA8F218A5C5200535D00 /* Hmac.m */ = {isa = PBXFileReference; fileEncoding = 4; lastKnownFileType = sourcecode.c.objc; path = Hmac.m; sourceTree = "<group>"; };
		9643DA91218A65A900535D00 /* Pbkdf2.h */ = {isa = PBXFileReference; fileEncoding = 4; lastKnownFileType = sourcecode.c.h; path = Pbkdf2.h; sourceTree = "<group>"; };
		9643DA92218A65A900535D00 /* Pbkdf2.m */ = {isa = PBXFileReference; fileEncoding = 4; lastKnownFileType = sourcecode.c.objc; path = Pbkdf2.m; sourceTree = "<group>"; };
		9643DA94218A65B500535D00 /* RCTPbkdf2.m */ = {isa = PBXFileReference; fileEncoding = 4; lastKnownFileType = sourcecode.c.objc; path = RCTPbkdf2.m; sourceTree = "<group>"; };
		9643DA95218A65B500535D00 /* RCTPbkdf2.h */ = {isa = PBXFileReference; fileEncoding = 4; lastKnownFileType = sourcecode.c.h; path = RCTPbkdf2.h; sourceTree = "<group>"; };
		9643DA97218B779400535D00 /* RCTRsa.m */ = {isa = PBXFileReference; fileEncoding = 4; lastKnownFileType = sourcecode.c.objc; path = RCTRsa.m; sourceTree = "<group>"; };
		9643DA98218B779400535D00 /* RCTRsa.h */ = {isa = PBXFileReference; fileEncoding = 4; lastKnownFileType = sourcecode.c.h; path = RCTRsa.h; sourceTree = "<group>"; };
		9643DA9A218B77A200535D00 /* RsaFormatter.h */ = {isa = PBXFileReference; fileEncoding = 4; lastKnownFileType = sourcecode.c.h; path = RsaFormatter.h; sourceTree = "<group>"; };
		9643DA9B218B77A200535D00 /* Rsa.h */ = {isa = PBXFileReference; fileEncoding = 4; lastKnownFileType = sourcecode.c.h; path = Rsa.h; sourceTree = "<group>"; };
		9643DA9C218B77A200535D00 /* RsaFormatter.m */ = {isa = PBXFileReference; fileEncoding = 4; lastKnownFileType = sourcecode.c.objc; path = RsaFormatter.m; sourceTree = "<group>"; };
		9643DA9D218B77A200535D00 /* Rsa.m */ = {isa = PBXFileReference; fileEncoding = 4; lastKnownFileType = sourcecode.c.objc; path = Rsa.m; sourceTree = "<group>"; };
		9668CE0221471DDF001D58C3 /* Aes.m */ = {isa = PBXFileReference; fileEncoding = 4; lastKnownFileType = sourcecode.c.objc; path = Aes.m; sourceTree = "<group>"; };
		9668CE0321471DDF001D58C3 /* Aes.h */ = {isa = PBXFileReference; fileEncoding = 4; lastKnownFileType = sourcecode.c.h; path = Aes.h; sourceTree = "<group>"; };
		9668CE0521471DEA001D58C3 /* RCTAes.h */ = {isa = PBXFileReference; fileEncoding = 4; lastKnownFileType = sourcecode.c.h; path = RCTAes.h; sourceTree = "<group>"; };
		9668CE0621471DEA001D58C3 /* RCTAes.m */ = {isa = PBXFileReference; fileEncoding = 4; lastKnownFileType = sourcecode.c.objc; path = RCTAes.m; sourceTree = "<group>"; };
/* End PBXFileReference section */

/* Begin PBXFrameworksBuildPhase section */
		32D980DA1BE9F11C00FA27E5 /* Frameworks */ = {
			isa = PBXFrameworksBuildPhase;
			buildActionMask = 2147483647;
			files = (
			);
			runOnlyForDeploymentPostprocessing = 0;
		};
/* End PBXFrameworksBuildPhase section */

/* Begin PBXGroup section */
		32D980D41BE9F11C00FA27E5 = {
			isa = PBXGroup;
			children = (
				32D980DF1BE9F11C00FA27E5 /* RCTCrypto */,
				32D980DE1BE9F11C00FA27E5 /* Products */,
			);
			sourceTree = "<group>";
		};
		32D980DE1BE9F11C00FA27E5 /* Products */ = {
			isa = PBXGroup;
			children = (
				32D980DD1BE9F11C00FA27E5 /* libRCTCrypto.a */,
			);
			name = Products;
			sourceTree = "<group>";
		};
		32D980DF1BE9F11C00FA27E5 /* RCTCrypto */ = {
			isa = PBXGroup;
			children = (
				9643DA98218B779400535D00 /* RCTRsa.h */,
				9643DA97218B779400535D00 /* RCTRsa.m */,
				9643DA95218A65B500535D00 /* RCTPbkdf2.h */,
				9643DA94218A65B500535D00 /* RCTPbkdf2.m */,
				9643DA8B218A5C4800535D00 /* RCTHmac.h */,
				9643DA8C218A5C4800535D00 /* RCTHmac.m */,
				9643DA88218A0E4400535D00 /* RCTSha.h */,
				9643DA89218A0E4400535D00 /* RCTSha.m */,
				9668CE0521471DEA001D58C3 /* RCTAes.h */,
				9668CE0621471DEA001D58C3 /* RCTAes.m */,
				32D981161BE9F1B600FA27E5 /* lib */,
			);
			path = RCTCrypto;
			sourceTree = "<group>";
		};
		32D981161BE9F1B600FA27E5 /* lib */ = {
			isa = PBXGroup;
			children = (
				9643DA9B218B77A200535D00 /* Rsa.h */,
				9643DA9D218B77A200535D00 /* Rsa.m */,
				9643DA9A218B77A200535D00 /* RsaFormatter.h */,
				9643DA9C218B77A200535D00 /* RsaFormatter.m */,
				9643DA91218A65A900535D00 /* Pbkdf2.h */,
				9643DA92218A65A900535D00 /* Pbkdf2.m */,
				9643DA8E218A5C5200535D00 /* Hmac.h */,
				9643DA8F218A5C5200535D00 /* Hmac.m */,
				9643DA82218A0E3800535D00 /* Sha.h */,
				9643DA84218A0E3800535D00 /* Sha.m */,
				9643DA83218A0E3800535D00 /* Shared.h */,
				9643DA85218A0E3800535D00 /* Shared.m */,
				9668CE0321471DDF001D58C3 /* Aes.h */,
				9668CE0221471DDF001D58C3 /* Aes.m */,
			);
			path = lib;
			sourceTree = "<group>";
		};
/* End PBXGroup section */

/* Begin PBXNativeTarget section */
		32D980DC1BE9F11C00FA27E5 /* RCTCrypto */ = {
			isa = PBXNativeTarget;
			buildConfigurationList = 32D980F11BE9F11C00FA27E5 /* Build configuration list for PBXNativeTarget "RCTCrypto" */;
			buildPhases = (
				32D980D91BE9F11C00FA27E5 /* Sources */,
				32D980DA1BE9F11C00FA27E5 /* Frameworks */,
				32D980DB1BE9F11C00FA27E5 /* CopyFiles */,
			);
			buildRules = (
			);
			dependencies = (
			);
			name = RCTCrypto;
			productName = RCTCrypto;
			productReference = 32D980DD1BE9F11C00FA27E5 /* libRCTCrypto.a */;
			productType = "com.apple.product-type.library.static";
		};
/* End PBXNativeTarget section */

/* Begin PBXProject section */
		32D980D51BE9F11C00FA27E5 /* Project object */ = {
			isa = PBXProject;
			attributes = {
				LastUpgradeCheck = 0820;
				ORGANIZATIONNAME = trackforce;
				TargetAttributes = {
					32D980DC1BE9F11C00FA27E5 = {
						CreatedOnToolsVersion = 6.4;
					};
				};
			};
			buildConfigurationList = 32D980D81BE9F11C00FA27E5 /* Build configuration list for PBXProject "RCTCrypto" */;
			compatibilityVersion = "Xcode 8.0";
			developmentRegion = English;
			hasScannedForEncodings = 0;
			knownRegions = (
				en,
			);
			mainGroup = 32D980D41BE9F11C00FA27E5;
			productRefGroup = 32D980DE1BE9F11C00FA27E5 /* Products */;
			projectDirPath = "";
			projectRoot = "";
			targets = (
				32D980DC1BE9F11C00FA27E5 /* RCTCrypto */,
			);
		};
/* End PBXProject section */

/* Begin PBXSourcesBuildPhase section */
		32D980D91BE9F11C00FA27E5 /* Sources */ = {
			isa = PBXSourcesBuildPhase;
			buildActionMask = 2147483647;
			files = (
				9643DA8D218A5C4800535D00 /* RCTHmac.m in Sources */,
				9643DA86218A0E3800535D00 /* Sha.m in Sources */,
				9643DA99218B779400535D00 /* RCTRsa.m in Sources */,
				9643DA8A218A0E4400535D00 /* RCTSha.m in Sources */,
				9668CE0721471DEA001D58C3 /* RCTAes.m in Sources */,
				9643DA93218A65A900535D00 /* Pbkdf2.m in Sources */,
				9643DA9F218B77A200535D00 /* Rsa.m in Sources */,
				9643DA96218A65B500535D00 /* RCTPbkdf2.m in Sources */,
				9643DA90218A5C5200535D00 /* Hmac.m in Sources */,
				9643DA9E218B77A200535D00 /* RsaFormatter.m in Sources */,
				9643DA87218A0E3800535D00 /* Shared.m in Sources */,
				9668CE0421471DE0001D58C3 /* Aes.m in Sources */,
			);
			runOnlyForDeploymentPostprocessing = 0;
		};
/* End PBXSourcesBuildPhase section */

/* Begin XCBuildConfiguration section */
		32D980EF1BE9F11C00FA27E5 /* Debug */ = {
			isa = XCBuildConfiguration;
			buildSettings = {
				ALWAYS_SEARCH_USER_PATHS = NO;
				CLANG_CXX_LANGUAGE_STANDARD = "gnu++0x";
				CLANG_CXX_LIBRARY = "libc++";
				CLANG_ENABLE_MODULES = YES;
				CLANG_ENABLE_OBJC_ARC = YES;
				CLANG_WARN_BOOL_CONVERSION = YES;
				CLANG_WARN_CONSTANT_CONVERSION = YES;
				CLANG_WARN_DIRECT_OBJC_ISA_USAGE = YES_ERROR;
				CLANG_WARN_EMPTY_BODY = YES;
				CLANG_WARN_ENUM_CONVERSION = YES;
				CLANG_WARN_INFINITE_RECURSION = YES;
				CLANG_WARN_INT_CONVERSION = YES;
				CLANG_WARN_OBJC_ROOT_CLASS = YES_ERROR;
				CLANG_WARN_SUSPICIOUS_MOVE = YES;
				CLANG_WARN_UNREACHABLE_CODE = YES;
				CLANG_WARN__DUPLICATE_METHOD_MATCH = YES;
				COPY_PHASE_STRIP = NO;
				DEBUG_INFORMATION_FORMAT = "dwarf-with-dsym";
				ENABLE_STRICT_OBJC_MSGSEND = YES;
				GCC_C_LANGUAGE_STANDARD = gnu99;
				GCC_DYNAMIC_NO_PIC = NO;
				GCC_NO_COMMON_BLOCKS = YES;
				GCC_OPTIMIZATION_LEVEL = 0;
				GCC_PREPROCESSOR_DEFINITIONS = (
					"DEBUG=1",
					"$(inherited)",
				);
				GCC_SYMBOLS_PRIVATE_EXTERN = NO;
				GCC_WARN_64_TO_32_BIT_CONVERSION = YES;
				GCC_WARN_ABOUT_RETURN_TYPE = YES_ERROR;
				GCC_WARN_UNDECLARED_SELECTOR = YES;
				GCC_WARN_UNINITIALIZED_AUTOS = YES_AGGRESSIVE;
				GCC_WARN_UNUSED_FUNCTION = YES;
				GCC_WARN_UNUSED_VARIABLE = YES;
				IPHONEOS_DEPLOYMENT_TARGET = 9.0;
				MTL_ENABLE_DEBUG_INFO = YES;
				ONLY_ACTIVE_ARCH = YES;
				SDKROOT = iphoneos;
			};
			name = Debug;
		};
		32D980F01BE9F11C00FA27E5 /* Release */ = {
			isa = XCBuildConfiguration;
			buildSettings = {
				ALWAYS_SEARCH_USER_PATHS = NO;
				CLANG_CXX_LANGUAGE_STANDARD = "gnu++0x";
				CLANG_CXX_LIBRARY = "libc++";
				CLANG_ENABLE_MODULES = YES;
				CLANG_ENABLE_OBJC_ARC = YES;
				CLANG_WARN_BOOL_CONVERSION = YES;
				CLANG_WARN_CONSTANT_CONVERSION = YES;
				CLANG_WARN_DIRECT_OBJC_ISA_USAGE = YES_ERROR;
				CLANG_WARN_EMPTY_BODY = YES;
				CLANG_WARN_ENUM_CONVERSION = YES;
				CLANG_WARN_INFINITE_RECURSION = YES;
				CLANG_WARN_INT_CONVERSION = YES;
				CLANG_WARN_OBJC_ROOT_CLASS = YES_ERROR;
				CLANG_WARN_SUSPICIOUS_MOVE = YES;
				CLANG_WARN_UNREACHABLE_CODE = YES;
				CLANG_WARN__DUPLICATE_METHOD_MATCH = YES;
				COPY_PHASE_STRIP = NO;
				DEBUG_INFORMATION_FORMAT = "dwarf-with-dsym";
				ENABLE_NS_ASSERTIONS = NO;
				ENABLE_STRICT_OBJC_MSGSEND = YES;
				GCC_C_LANGUAGE_STANDARD = gnu99;
				GCC_NO_COMMON_BLOCKS = YES;
				GCC_WARN_64_TO_32_BIT_CONVERSION = YES;
				GCC_WARN_ABOUT_RETURN_TYPE = YES_ERROR;
				GCC_WARN_UNDECLARED_SELECTOR = YES;
				GCC_WARN_UNINITIALIZED_AUTOS = YES_AGGRESSIVE;
				GCC_WARN_UNUSED_FUNCTION = YES;
				GCC_WARN_UNUSED_VARIABLE = YES;
				IPHONEOS_DEPLOYMENT_TARGET = 9.0;
				MTL_ENABLE_DEBUG_INFO = NO;
				SDKROOT = iphoneos;
				VALIDATE_PRODUCT = YES;
			};
			name = Release;
		};
		32D980F21BE9F11C00FA27E5 /* Debug */ = {
			isa = XCBuildConfiguration;
			buildSettings = {
				HEADER_SEARCH_PATHS = (
					"$(inherited)",
					/Applications/Xcode.app/Contents/Developer/Toolchains/XcodeDefault.xctoolchain/usr/include,
					"$(SRCROOT)/../../../react-native/React/**",
					"$(SRCROOT)/../../../../../node_modules/react-native/React/**",
				);
				OTHER_LDFLAGS = "-ObjC";
				PRODUCT_NAME = "$(TARGET_NAME)";
				SKIP_INSTALL = YES;
			};
			name = Debug;
		};
		32D980F31BE9F11C00FA27E5 /* Release */ = {
			isa = XCBuildConfiguration;
			buildSettings = {
				HEADER_SEARCH_PATHS = (
					"$(inherited)",
					/Applications/Xcode.app/Contents/Developer/Toolchains/XcodeDefault.xctoolchain/usr/include,
					"$(SRCROOT)/../../../react-native/React/**",
					"$(SRCROOT)/../../../../../node_modules/react-native/React/**",
				);
				OTHER_LDFLAGS = "-ObjC";
				PRODUCT_NAME = "$(TARGET_NAME)";
				SKIP_INSTALL = YES;
			};
			name = Release;
		};
/* End XCBuildConfiguration section */

/* Begin XCConfigurationList section */
		32D980D81BE9F11C00FA27E5 /* Build configuration list for PBXProject "RCTCrypto" */ = {
			isa = XCConfigurationList;
			buildConfigurations = (
				32D980EF1BE9F11C00FA27E5 /* Debug */,
				32D980F01BE9F11C00FA27E5 /* Release */,
			);
			defaultConfigurationIsVisible = 0;
			defaultConfigurationName = Release;
		};
		32D980F11BE9F11C00FA27E5 /* Build configuration list for PBXNativeTarget "RCTCrypto" */ = {
			isa = XCConfigurationList;
			buildConfigurations = (
				32D980F21BE9F11C00FA27E5 /* Debug */,
				32D980F31BE9F11C00FA27E5 /* Release */,
			);
			defaultConfigurationIsVisible = 0;
			defaultConfigurationName = Release;
		};
/* End XCConfigurationList section */
	};
	rootObject = 32D980D51BE9F11C00FA27E5 /* Project object */;
}
